// !$*UTF8*$!
{
	archiveVersion = 1;
	classes = {
	};
	objectVersion = 46;
	objects = {

/* Begin PBXBuildFile section */
		370515941B9E7AF800FA525F /* main.m in Sources */ = {isa = PBXBuildFile; fileRef = 370515931B9E7AF800FA525F /* main.m */; };
		370515B31B9E7C5D00FA525F /* Tests.m in Sources */ = {isa = PBXBuildFile; fileRef = 370515B21B9E7C5D00FA525F /* Tests.m */; };
		370515BC1B9E7DAF00FA525F /* Engine.m in Sources */ = {isa = PBXBuildFile; fileRef = 370515BB1B9E7DAF00FA525F /* Engine.m */; };
		370515BD1B9E7DAF00FA525F /* Engine.m in Sources */ = {isa = PBXBuildFile; fileRef = 370515BB1B9E7DAF00FA525F /* Engine.m */; };
/* End PBXBuildFile section */

/* Begin PBXCopyFilesBuildPhase section */
		3705158E1B9E7AF800FA525F /* CopyFiles */ = {
			isa = PBXCopyFilesBuildPhase;
			buildActionMask = 2147483647;
			dstPath = /usr/share/man/man1/;
			dstSubfolderSpec = 0;
			files = (
			);
			runOnlyForDeploymentPostprocessing = 1;
		};
/* End PBXCopyFilesBuildPhase section */

/* Begin PBXFileReference section */
		370515901B9E7AF800FA525F /* ChristmasTree */ = {isa = PBXFileReference; explicitFileType = "compiled.mach-o.executable"; includeInIndex = 0; path = ChristmasTree; sourceTree = BUILT_PRODUCTS_DIR; };
		370515931B9E7AF800FA525F /* main.m */ = {isa = PBXFileReference; lastKnownFileType = sourcecode.c.objc; path = main.m; sourceTree = "<group>"; };
		370515AE1B9E7C5D00FA525F /* Tests.xctest */ = {isa = PBXFileReference; explicitFileType = wrapper.cfbundle; includeInIndex = 0; path = Tests.xctest; sourceTree = BUILT_PRODUCTS_DIR; };
		370515B21B9E7C5D00FA525F /* Tests.m */ = {isa = PBXFileReference; lastKnownFileType = sourcecode.c.objc; path = Tests.m; sourceTree = "<group>"; };
		370515BB1B9E7DAF00FA525F /* Engine.m */ = {isa = PBXFileReference; fileEncoding = 4; lastKnownFileType = sourcecode.c.objc; path = Engine.m; sourceTree = "<group>"; };
		370515BE1B9E7DBB00FA525F /* Engine.h */ = {isa = PBXFileReference; lastKnownFileType = sourcecode.c.h; path = Engine.h; sourceTree = "<group>"; };
/* End PBXFileReference section */

/* Begin PBXFrameworksBuildPhase section */
		3705158D1B9E7AF800FA525F /* Frameworks */ = {
			isa = PBXFrameworksBuildPhase;
			buildActionMask = 2147483647;
			files = (
			);
			runOnlyForDeploymentPostprocessing = 0;
		};
		370515AB1B9E7C5D00FA525F /* Frameworks */ = {
			isa = PBXFrameworksBuildPhase;
			buildActionMask = 2147483647;
			files = (
			);
			runOnlyForDeploymentPostprocessing = 0;
		};
/* End PBXFrameworksBuildPhase section */

/* Begin PBXGroup section */
		370515871B9E7AF800FA525F = {
			isa = PBXGroup;
			children = (
				370515921B9E7AF800FA525F /* ChristmasTree */,
				370515AF1B9E7C5D00FA525F /* Tests */,
				370515911B9E7AF800FA525F /* Products */,
			);
			sourceTree = "<group>";
		};
		370515911B9E7AF800FA525F /* Products */ = {
			isa = PBXGroup;
			children = (
				370515901B9E7AF800FA525F /* ChristmasTree */,
				370515AE1B9E7C5D00FA525F /* Tests.xctest */,
			);
			name = Products;
			sourceTree = "<group>";
		};
		370515921B9E7AF800FA525F /* ChristmasTree */ = {
			isa = PBXGroup;
			children = (
				370515BB1B9E7DAF00FA525F /* Engine.m */,
				370515BE1B9E7DBB00FA525F /* Engine.h */,
				370515931B9E7AF800FA525F /* main.m */,
			);
			path = ChristmasTree;
			sourceTree = "<group>";
		};
		370515AF1B9E7C5D00FA525F /* Tests */ = {
			isa = PBXGroup;
			children = (
				370515B21B9E7C5D00FA525F /* Tests.m */,
			);
			path = Tests;
			sourceTree = "<group>";
		};
/* End PBXGroup section */

/* Begin PBXNativeTarget section */
		3705158F1B9E7AF800FA525F /* ChristmasTree */ = {
			isa = PBXNativeTarget;
			buildConfigurationList = 370515971B9E7AF800FA525F /* Build configuration list for PBXNativeTarget "ChristmasTree" */;
			buildPhases = (
				3705158C1B9E7AF800FA525F /* Sources */,
				3705158D1B9E7AF800FA525F /* Frameworks */,
				3705158E1B9E7AF800FA525F /* CopyFiles */,
			);
			buildRules = (
			);
			dependencies = (
			);
			name = ChristmasTree;
			productName = ChristmasTree;
			productReference = 370515901B9E7AF800FA525F /* ChristmasTree */;
			productType = "com.apple.product-type.tool";
		};
		370515AD1B9E7C5D00FA525F /* Tests */ = {
			isa = PBXNativeTarget;
			buildConfigurationList = 370515B41B9E7C5D00FA525F /* Build configuration list for PBXNativeTarget "Tests" */;
			buildPhases = (
				370515AA1B9E7C5D00FA525F /* Sources */,
				370515AB1B9E7C5D00FA525F /* Frameworks */,
				370515AC1B9E7C5D00FA525F /* Resources */,
			);
			buildRules = (
			);
			dependencies = (
			);
			name = Tests;
			productName = Tests;
			productReference = 370515AE1B9E7C5D00FA525F /* Tests.xctest */;
			productType = "com.apple.product-type.bundle.unit-test";
		};
/* End PBXNativeTarget section */

/* Begin PBXProject section */
		370515881B9E7AF800FA525F /* Project object */ = {
			isa = PBXProject;
			attributes = {
				LastUpgradeCheck = 0640;
				ORGANIZATIONNAME = "Stephen Visser";
				TargetAttributes = {
					3705158F1B9E7AF800FA525F = {
						CreatedOnToolsVersion = 6.4;
					};
					370515AD1B9E7C5D00FA525F = {
						CreatedOnToolsVersion = 6.4;
					};
				};
			};
			buildConfigurationList = 3705158B1B9E7AF800FA525F /* Build configuration list for PBXProject "ChristmasTree" */;
			compatibilityVersion = "Xcode 3.2";
			developmentRegion = English;
			hasScannedForEncodings = 0;
			knownRegions = (
				en,
			);
			mainGroup = 370515871B9E7AF800FA525F;
			productRefGroup = 370515911B9E7AF800FA525F /* Products */;
			projectDirPath = "";
			projectRoot = "";
			targets = (
				3705158F1B9E7AF800FA525F /* ChristmasTree */,
				370515AD1B9E7C5D00FA525F /* Tests */,
			);
		};
/* End PBXProject section */

/* Begin PBXResourcesBuildPhase section */
		370515AC1B9E7C5D00FA525F /* Resources */ = {
			isa = PBXResourcesBuildPhase;
			buildActionMask = 2147483647;
			files = (
			);
			runOnlyForDeploymentPostprocessing = 0;
		};
/* End PBXResourcesBuildPhase section */

/* Begin PBXSourcesBuildPhase section */
		3705158C1B9E7AF800FA525F /* Sources */ = {
			isa = PBXSourcesBuildPhase;
			buildActionMask = 2147483647;
			files = (
				370515941B9E7AF800FA525F /* main.m in Sources */,
				370515BC1B9E7DAF00FA525F /* Engine.m in Sources */,
			);
			runOnlyForDeploymentPostprocessing = 0;
		};
		370515AA1B9E7C5D00FA525F /* Sources */ = {
			isa = PBXSourcesBuildPhase;
			buildActionMask = 2147483647;
			files = (
				370515B31B9E7C5D00FA525F /* Tests.m in Sources */,
				370515BD1B9E7DAF00FA525F /* Engine.m in Sources */,
			);
			runOnlyForDeploymentPostprocessing = 0;
		};
/* End PBXSourcesBuildPhase section */

/* Begin XCBuildConfiguration section */
		370515951B9E7AF800FA525F /* Debug */ = {
			isa = XCBuildConfiguration;
			buildSettings = {
				ALWAYS_SEARCH_USER_PATHS = NO;
				CLANG_CXX_LANGUAGE_STANDARD = "gnu++0x";
				CLANG_CXX_LIBRARY = "libc++";
				CLANG_ENABLE_MODULES = YES;
				CLANG_ENABLE_OBJC_ARC = YES;
				CLANG_WARN_BOOL_CONVERSION = YES;
				CLANG_WARN_CONSTANT_CONVERSION = YES;
				CLANG_WARN_DIRECT_OBJC_ISA_USAGE = YES_ERROR;
				CLANG_WARN_EMPTY_BODY = YES;
				CLANG_WARN_ENUM_CONVERSION = YES;
				CLANG_WARN_INT_CONVERSION = YES;
				CLANG_WARN_OBJC_ROOT_CLASS = YES_ERROR;
				CLANG_WARN_UNREACHABLE_CODE = YES;
				CLANG_WARN__DUPLICATE_METHOD_MATCH = YES;
				COPY_PHASE_STRIP = NO;
				DEBUG_INFORMATION_FORMAT = dwarf;
				ENABLE_STRICT_OBJC_MSGSEND = YES;
				GCC_C_LANGUAGE_STANDARD = gnu99;
				GCC_DYNAMIC_NO_PIC = NO;
				GCC_NO_COMMON_BLOCKS = YES;
				GCC_OPTIMIZATION_LEVEL = 0;
				GCC_PREPROCESSOR_DEFINITIONS = (
					"DEBUG=1",
					"$(inherited)",
				);
				GCC_SYMBOLS_PRIVATE_EXTERN = NO;
				GCC_WARN_64_TO_32_BIT_CONVERSION = YES;
				GCC_WARN_ABOUT_RETURN_TYPE = YES_ERROR;
				GCC_WARN_UNDECLARED_SELECTOR = YES;
				GCC_WARN_UNINITIALIZED_AUTOS = YES_AGGRESSIVE;
				GCC_WARN_UNUSED_FUNCTION = YES;
				GCC_WARN_UNUSED_VARIABLE = YES;
				MACOSX_DEPLOYMENT_TARGET = 10.11;
				MTL_ENABLE_DEBUG_INFO = YES;
				ONLY_ACTIVE_ARCH = YES;
				SDKROOT = macosx;
			};
			name = Debug;
		};
		370515961B9E7AF800FA525F /* Release */ = {
			isa = XCBuildConfiguration;
			buildSettings = {
				ALWAYS_SEARCH_USER_PATHS = NO;
				CLANG_CXX_LANGUAGE_STANDARD = "gnu++0x";
				CLANG_CXX_LIBRARY = "libc++";
				CLANG_ENABLE_MODULES = YES;
				CLANG_ENABLE_OBJC_ARC = YES;
				CLANG_WARN_BOOL_CONVERSION = YES;
				CLANG_WARN_CONSTANT_CONVERSION = YES;
				CLANG_WARN_DIRECT_OBJC_ISA_USAGE = YES_ERROR;
				CLANG_WARN_EMPTY_BODY = YES;
				CLANG_WARN_ENUM_CONVERSION = YES;
				CLANG_WARN_INT_CONVERSION = YES;
				CLANG_WARN_OBJC_ROOT_CLASS = YES_ERROR;
				CLANG_WARN_UNREACHABLE_CODE = YES;
				CLANG_WARN__DUPLICATE_METHOD_MATCH = YES;
				COPY_PHASE_STRIP = NO;
				DEBUG_INFORMATION_FORMAT = "dwarf-with-dsym";
				ENABLE_NS_ASSERTIONS = NO;
				ENABLE_STRICT_OBJC_MSGSEND = YES;
				GCC_C_LANGUAGE_STANDARD = gnu99;
				GCC_NO_COMMON_BLOCKS = YES;
				GCC_WARN_64_TO_32_BIT_CONVERSION = YES;
				GCC_WARN_ABOUT_RETURN_TYPE = YES_ERROR;
				GCC_WARN_UNDECLARED_SELECTOR = YES;
				GCC_WARN_UNINITIALIZED_AUTOS = YES_AGGRESSIVE;
				GCC_WARN_UNUSED_FUNCTION = YES;
				GCC_WARN_UNUSED_VARIABLE = YES;
				MACOSX_DEPLOYMENT_TARGET = 10.11;
				MTL_ENABLE_DEBUG_INFO = NO;
				SDKROOT = macosx;
			};
			name = Release;
		};
		370515981B9E7AF800FA525F /* Debug */ = {
			isa = XCBuildConfiguration;
			buildSettings = {
				MACOSX_DEPLOYMENT_TARGET = 10.10;
				PRODUCT_NAME = "$(TARGET_NAME)";
			};
			name = Debug;
		};
		370515991B9E7AF800FA525F /* Release */ = {
			isa = XCBuildConfiguration;
			buildSettings = {
				MACOSX_DEPLOYMENT_TARGET = 10.10;
				PRODUCT_NAME = "$(TARGET_NAME)";
			};
			name = Release;
		};
		370515B51B9E7C5D00FA525F /* Debug */ = {
			isa = XCBuildConfiguration;
			buildSettings = {
				COMBINE_HIDPI_IMAGES = YES;
				FRAMEWORK_SEARCH_PATHS = (
					"$(DEVELOPER_FRAMEWORKS_DIR)",
					"$(inherited)",
				);
				GCC_PREPROCESSOR_DEFINITIONS = (
					"DEBUG=1",
					"$(inherited)",
				);
				INFOPLIST_FILE = Tests/Info.plist;
				LD_RUNPATH_SEARCH_PATHS = "$(inherited) @executable_path/../Frameworks @loader_path/../Frameworks";
				MACOSX_DEPLOYMENT_TARGET = 10.10;
				PRODUCT_NAME = "$(TARGET_NAME)";
			};
			name = Debug;
		};
		370515B61B9E7C5D00FA525F /* Release */ = {
			isa = XCBuildConfiguration;
			buildSettings = {
				COMBINE_HIDPI_IMAGES = YES;
				FRAMEWORK_SEARCH_PATHS = (
					"$(DEVELOPER_FRAMEWORKS_DIR)",
					"$(inherited)",
				);
				INFOPLIST_FILE = Tests/Info.plist;
				LD_RUNPATH_SEARCH_PATHS = "$(inherited) @executable_path/../Frameworks @loader_path/../Frameworks";
				MACOSX_DEPLOYMENT_TARGET = 10.10;
				PRODUCT_NAME = "$(TARGET_NAME)";
			};
			name = Release;
		};
/* End XCBuildConfiguration section */

/* Begin XCConfigurationList section */
		3705158B1B9E7AF800FA525F /* Build configuration list for PBXProject "ChristmasTree" */ = {
			isa = XCConfigurationList;
			buildConfigurations = (
				370515951B9E7AF800FA525F /* Debug */,
				370515961B9E7AF800FA525F /* Release */,
			);
			defaultConfigurationIsVisible = 0;
			defaultConfigurationName = Release;
		};
		370515971B9E7AF800FA525F /* Build configuration list for PBXNativeTarget "ChristmasTree" */ = {
			isa = XCConfigurationList;
			buildConfigurations = (
				370515981B9E7AF800FA525F /* Debug */,
				370515991B9E7AF800FA525F /* Release */,
			);
			defaultConfigurationIsVisible = 0;
		};
		370515B41B9E7C5D00FA525F /* Build configuration list for PBXNativeTarget "Tests" */ = {
			isa = XCConfigurationList;
			buildConfigurations = (
				370515B51B9E7C5D00FA525F /* Debug */,
				370515B61B9E7C5D00FA525F /* Release */,
			);
			defaultConfigurationIsVisible = 0;
		};
/* End XCConfigurationList section */
	};
	rootObject = 370515881B9E7AF800FA525F /* Project object */;
}
